// !$*UTF8*$!
{
	archiveVersion = 1;
	classes = {
	};
	objectVersion = 51;
	objects = {

/* Begin PBXBuildFile section */
		276F8F2A26E4B928000FD4DD /* AppDelegate.swift in Sources */ = {isa = PBXBuildFile; fileRef = 276F8F2926E4B928000FD4DD /* AppDelegate.swift */; };
		276F8F2C26E4B928000FD4DD /* SceneDelegate.swift in Sources */ = {isa = PBXBuildFile; fileRef = 276F8F2B26E4B928000FD4DD /* SceneDelegate.swift */; };
		276F8F2E26E4B928000FD4DD /* ViewController.swift in Sources */ = {isa = PBXBuildFile; fileRef = 276F8F2D26E4B928000FD4DD /* ViewController.swift */; };
		276F8F3126E4B928000FD4DD /* Main.storyboard in Resources */ = {isa = PBXBuildFile; fileRef = 276F8F2F26E4B928000FD4DD /* Main.storyboard */; };
		276F8F3426E4B928000FD4DD /* core_data.xcdatamodeld in Sources */ = {isa = PBXBuildFile; fileRef = 276F8F3226E4B928000FD4DD /* core_data.xcdatamodeld */; };
		276F8F3626E4B929000FD4DD /* Assets.xcassets in Resources */ = {isa = PBXBuildFile; fileRef = 276F8F3526E4B929000FD4DD /* Assets.xcassets */; };
		276F8F3926E4B929000FD4DD /* LaunchScreen.storyboard in Resources */ = {isa = PBXBuildFile; fileRef = 276F8F3726E4B929000FD4DD /* LaunchScreen.storyboard */; };
/* End PBXBuildFile section */

/* Begin PBXFileReference section */
		276F8F2626E4B928000FD4DD /* core data.app */ = {isa = PBXFileReference; explicitFileType = wrapper.application; includeInIndex = 0; path = "core data.app"; sourceTree = BUILT_PRODUCTS_DIR; };
		276F8F2926E4B928000FD4DD /* AppDelegate.swift */ = {isa = PBXFileReference; lastKnownFileType = sourcecode.swift; path = AppDelegate.swift; sourceTree = "<group>"; };
		276F8F2B26E4B928000FD4DD /* SceneDelegate.swift */ = {isa = PBXFileReference; lastKnownFileType = sourcecode.swift; path = SceneDelegate.swift; sourceTree = "<group>"; };
		276F8F2D26E4B928000FD4DD /* ViewController.swift */ = {isa = PBXFileReference; lastKnownFileType = sourcecode.swift; path = ViewController.swift; sourceTree = "<group>"; };
		276F8F3026E4B928000FD4DD /* Base */ = {isa = PBXFileReference; lastKnownFileType = file.storyboard; name = Base; path = Base.lproj/Main.storyboard; sourceTree = "<group>"; };
		276F8F3326E4B928000FD4DD /* core_data.xcdatamodel */ = {isa = PBXFileReference; lastKnownFileType = wrapper.xcdatamodel; path = core_data.xcdatamodel; sourceTree = "<group>"; };
		276F8F3526E4B929000FD4DD /* Assets.xcassets */ = {isa = PBXFileReference; lastKnownFileType = folder.assetcatalog; path = Assets.xcassets; sourceTree = "<group>"; };
		276F8F3826E4B929000FD4DD /* Base */ = {isa = PBXFileReference; lastKnownFileType = file.storyboard; name = Base; path = Base.lproj/LaunchScreen.storyboard; sourceTree = "<group>"; };
		276F8F3A26E4B929000FD4DD /* Info.plist */ = {isa = PBXFileReference; lastKnownFileType = text.plist.xml; path = Info.plist; sourceTree = "<group>"; };
/* End PBXFileReference section */

/* Begin PBXFrameworksBuildPhase section */
		276F8F2326E4B928000FD4DD /* Frameworks */ = {
			isa = PBXFrameworksBuildPhase;
			buildActionMask = 2147483647;
			files = (
			);
			runOnlyForDeploymentPostprocessing = 0;
		};
/* End PBXFrameworksBuildPhase section */

/* Begin PBXGroup section */
		276F8F1D26E4B928000FD4DD = {
			isa = PBXGroup;
			children = (
				276F8F2826E4B928000FD4DD /* core data */,
				276F8F2726E4B928000FD4DD /* Products */,
			);
			sourceTree = "<group>";
		};
		276F8F2726E4B928000FD4DD /* Products */ = {
			isa = PBXGroup;
			children = (
				276F8F2626E4B928000FD4DD /* core data.app */,
			);
			name = Products;
			sourceTree = "<group>";
		};
		276F8F2826E4B928000FD4DD /* core data */ = {
			isa = PBXGroup;
			children = (
				276F8F2926E4B928000FD4DD /* AppDelegate.swift */,
				276F8F2B26E4B928000FD4DD /* SceneDelegate.swift */,
				276F8F2D26E4B928000FD4DD /* ViewController.swift */,
				276F8F2F26E4B928000FD4DD /* Main.storyboard */,
				276F8F3526E4B929000FD4DD /* Assets.xcassets */,
				276F8F3726E4B929000FD4DD /* LaunchScreen.storyboard */,
				276F8F3A26E4B929000FD4DD /* Info.plist */,
				276F8F3226E4B928000FD4DD /* core_data.xcdatamodeld */,
			);
			path = "core data";
			sourceTree = "<group>";
		};
/* End PBXGroup section */

/* Begin PBXNativeTarget section */
		276F8F2526E4B928000FD4DD /* core data */ = {
			isa = PBXNativeTarget;
			buildConfigurationList = 276F8F3D26E4B929000FD4DD /* Build configuration list for PBXNativeTarget "core data" */;
			buildPhases = (
				276F8F2226E4B928000FD4DD /* Sources */,
				276F8F2326E4B928000FD4DD /* Frameworks */,
				276F8F2426E4B928000FD4DD /* Resources */,
			);
			buildRules = (
			);
			dependencies = (
			);
			name = "core data";
			productName = "core data";
			productReference = 276F8F2626E4B928000FD4DD /* core data.app */;
			productType = "com.apple.product-type.application";
		};
/* End PBXNativeTarget section */

/* Begin PBXProject section */
		276F8F1E26E4B928000FD4DD /* Project object */ = {
			isa = PBXProject;
			attributes = {
				LastSwiftUpdateCheck = 1250;
				LastUpgradeCheck = 1250;
				TargetAttributes = {
					276F8F2526E4B928000FD4DD = {
						CreatedOnToolsVersion = 12.5.1;
					};
				};
			};
			buildConfigurationList = 276F8F2126E4B928000FD4DD /* Build configuration list for PBXProject "core data" */;
			compatibilityVersion = "Xcode 10.0";
			developmentRegion = en;
			hasScannedForEncodings = 0;
			knownRegions = (
				en,
				Base,
			);
			mainGroup = 276F8F1D26E4B928000FD4DD;
			productRefGroup = 276F8F2726E4B928000FD4DD /* Products */;
			projectDirPath = "";
			projectRoot = "";
			targets = (
				276F8F2526E4B928000FD4DD /* core data */,
			);
		};
/* End PBXProject section */

/* Begin PBXResourcesBuildPhase section */
		276F8F2426E4B928000FD4DD /* Resources */ = {
			isa = PBXResourcesBuildPhase;
			buildActionMask = 2147483647;
			files = (
				276F8F3926E4B929000FD4DD /* LaunchScreen.storyboard in Resources */,
				276F8F3626E4B929000FD4DD /* Assets.xcassets in Resources */,
				276F8F3126E4B928000FD4DD /* Main.storyboard in Resources */,
			);
			runOnlyForDeploymentPostprocessing = 0;
		};
/* End PBXResourcesBuildPhase section */

/* Begin PBXSourcesBuildPhase section */
		276F8F2226E4B928000FD4DD /* Sources */ = {
			isa = PBXSourcesBuildPhase;
			buildActionMask = 2147483647;
			files = (
				276F8F3426E4B928000FD4DD /* core_data.xcdatamodeld in Sources */,
				276F8F2E26E4B928000FD4DD /* ViewController.swift in Sources */,
				276F8F2A26E4B928000FD4DD /* AppDelegate.swift in Sources */,
				276F8F2C26E4B928000FD4DD /* SceneDelegate.swift in Sources */,
			);
			runOnlyForDeploymentPostprocessing = 0;
		};
/* End PBXSourcesBuildPhase section */

/* Begin PBXVariantGroup section */
		276F8F2F26E4B928000FD4DD /* Main.storyboard */ = {
			isa = PBXVariantGroup;
			children = (
				276F8F3026E4B928000FD4DD /* Base */,
			);
			name = Main.storyboard;
			sourceTree = "<group>";
		};
		276F8F3726E4B929000FD4DD /* LaunchScreen.storyboard */ = {
			isa = PBXVariantGroup;
			children = (
				276F8F3826E4B929000FD4DD /* Base */,
			);
			name = LaunchScreen.storyboard;
			sourceTree = "<group>";
		};
/* End PBXVariantGroup section */

/* Begin XCBuildConfiguration section */
		276F8F3B26E4B929000FD4DD /* Debug */ = {
			isa = XCBuildConfiguration;
			buildSettings = {
				ALWAYS_SEARCH_USER_PATHS = NO;
				CLANG_ANALYZER_NONNULL = YES;
				CLANG_ANALYZER_NUMBER_OBJECT_CONVERSION = YES_AGGRESSIVE;
				CLANG_CXX_LANGUAGE_STANDARD = "gnu++14";
				CLANG_CXX_LIBRARY = "libc++";
				CLANG_ENABLE_MODULES = YES;
				CLANG_ENABLE_OBJC_ARC = YES;
				CLANG_ENABLE_OBJC_WEAK = YES;
				CLANG_WARN_BLOCK_CAPTURE_AUTORELEASING = YES;
				CLANG_WARN_BOOL_CONVERSION = YES;
				CLANG_WARN_COMMA = YES;
				CLANG_WARN_CONSTANT_CONVERSION = YES;
				CLANG_WARN_DEPRECATED_OBJC_IMPLEMENTATIONS = YES;
				CLANG_WARN_DIRECT_OBJC_ISA_USAGE = YES_ERROR;
				CLANG_WARN_DOCUMENTATION_COMMENTS = YES;
				CLANG_WARN_EMPTY_BODY = YES;
				CLANG_WARN_ENUM_CONVERSION = YES;
				CLANG_WARN_INFINITE_RECURSION = YES;
				CLANG_WARN_INT_CONVERSION = YES;
				CLANG_WARN_NON_LITERAL_NULL_CONVERSION = YES;
				CLANG_WARN_OBJC_IMPLICIT_RETAIN_SELF = YES;
				CLANG_WARN_OBJC_LITERAL_CONVERSION = YES;
				CLANG_WARN_OBJC_ROOT_CLASS = YES_ERROR;
				CLANG_WARN_QUOTED_INCLUDE_IN_FRAMEWORK_HEADER = YES;
				CLANG_WARN_RANGE_LOOP_ANALYSIS = YES;
				CLANG_WARN_STRICT_PROTOTYPES = YES;
				CLANG_WARN_SUSPICIOUS_MOVE = YES;
				CLANG_WARN_UNGUARDED_AVAILABILITY = YES_AGGRESSIVE;
				CLANG_WARN_UNREACHABLE_CODE = YES;
				CLANG_WARN__DUPLICATE_METHOD_MATCH = YES;
				COPY_PHASE_STRIP = NO;
				DEBUG_INFORMATION_FORMAT = dwarf;
				ENABLE_STRICT_OBJC_MSGSEND = YES;
				ENABLE_TESTABILITY = YES;
				GCC_C_LANGUAGE_STANDARD = gnu11;
				GCC_DYNAMIC_NO_PIC = NO;
				GCC_NO_COMMON_BLOCKS = YES;
				GCC_OPTIMIZATION_LEVEL = 0;
				GCC_PREPROCESSOR_DEFINITIONS = (
					"DEBUG=1",
					"$(inherited)",
				);
				GCC_WARN_64_TO_32_BIT_CONVERSION = YES;
				GCC_WARN_ABOUT_RETURN_TYPE = YES_ERROR;
				GCC_WARN_UNDECLARED_SELECTOR = YES;
				GCC_WARN_UNINITIALIZED_AUTOS = YES_AGGRESSIVE;
				GCC_WARN_UNUSED_FUNCTION = YES;
				GCC_WARN_UNUSED_VARIABLE = YES;
				IPHONEOS_DEPLOYMENT_TARGET = 14.5;
				MTL_ENABLE_DEBUG_INFO = INCLUDE_SOURCE;
				MTL_FAST_MATH = YES;
				ONLY_ACTIVE_ARCH = YES;
				SDKROOT = iphoneos;
				SWIFT_ACTIVE_COMPILATION_CONDITIONS = DEBUG;
				SWIFT_OPTIMIZATION_LEVEL = "-Onone";
			};
			name = Debug;
		};
		276F8F3C26E4B929000FD4DD /* Release */ = {
			isa = XCBuildConfiguration;
			buildSettings = {
				ALWAYS_SEARCH_USER_PATHS = NO;
				CLANG_ANALYZER_NONNULL = YES;
				CLANG_ANALYZER_NUMBER_OBJECT_CONVERSION = YES_AGGRESSIVE;
				CLANG_CXX_LANGUAGE_STANDARD = "gnu++14";
				CLANG_CXX_LIBRARY = "libc++";
				CLANG_ENABLE_MODULES = YES;
				CLANG_ENABLE_OBJC_ARC = YES;
				CLANG_ENABLE_OBJC_WEAK = YES;
				CLANG_WARN_BLOCK_CAPTURE_AUTORELEASING = YES;
				CLANG_WARN_BOOL_CONVERSION = YES;
				CLANG_WARN_COMMA = YES;
				CLANG_WARN_CONSTANT_CONVERSION = YES;
				CLANG_WARN_DEPRECATED_OBJC_IMPLEMENTATIONS = YES;
				CLANG_WARN_DIRECT_OBJC_ISA_USAGE = YES_ERROR;
				CLANG_WARN_DOCUMENTATION_COMMENTS = YES;
				CLANG_WARN_EMPTY_BODY = YES;
				CLANG_WARN_ENUM_CONVERSION = YES;
				CLANG_WARN_INFINITE_RECURSION = YES;
				CLANG_WARN_INT_CONVERSION = YES;
				CLANG_WARN_NON_LITERAL_NULL_CONVERSION = YES;
				CLANG_WARN_OBJC_IMPLICIT_RETAIN_SELF = YES;
				CLANG_WARN_OBJC_LITERAL_CONVERSION = YES;
				CLANG_WARN_OBJC_ROOT_CLASS = YES_ERROR;
				CLANG_WARN_QUOTED_INCLUDE_IN_FRAMEWORK_HEADER = YES;
				CLANG_WARN_RANGE_LOOP_ANALYSIS = YES;
				CLANG_WARN_STRICT_PROTOTYPES = YES;
				CLANG_WARN_SUSPICIOUS_MOVE = YES;
				CLANG_WARN_UNGUARDED_AVAILABILITY = YES_AGGRESSIVE;
				CLANG_WARN_UNREACHABLE_CODE = YES;
				CLANG_WARN__DUPLICATE_METHOD_MATCH = YES;
				COPY_PHASE_STRIP = NO;
				DEBUG_INFORMATION_FORMAT = "dwarf-with-dsym";
				ENABLE_NS_ASSERTIONS = NO;
				ENABLE_STRICT_OBJC_MSGSEND = YES;
				GCC_C_LANGUAGE_STANDARD = gnu11;
				GCC_NO_COMMON_BLOCKS = YES;
				GCC_WARN_64_TO_32_BIT_CONVERSION = YES;
				GCC_WARN_ABOUT_RETURN_TYPE = YES_ERROR;
				GCC_WARN_UNDECLARED_SELECTOR = YES;
				GCC_WARN_UNINITIALIZED_AUTOS = YES_AGGRESSIVE;
				GCC_WARN_UNUSED_FUNCTION = YES;
				GCC_WARN_UNUSED_VARIABLE = YES;
				IPHONEOS_DEPLOYMENT_TARGET = 14.5;
				MTL_ENABLE_DEBUG_INFO = NO;
				MTL_FAST_MATH = YES;
				SDKROOT = iphoneos;
				SWIFT_COMPILATION_MODE = wholemodule;
				SWIFT_OPTIMIZATION_LEVEL = "-O";
				VALIDATE_PRODUCT = YES;
			};
			name = Release;
		};
		276F8F3E26E4B929000FD4DD /* Debug */ = {
			isa = XCBuildConfiguration;
			buildSettings = {
				ASSETCATALOG_COMPILER_APPICON_NAME = AppIcon;
				ASSETCATALOG_COMPILER_GLOBAL_ACCENT_COLOR_NAME = AccentColor;
				CODE_SIGN_STYLE = Automatic;
				INFOPLIST_FILE = "core data/Info.plist";
				IPHONEOS_DEPLOYMENT_TARGET = 13.0;
				LD_RUNPATH_SEARCH_PATHS = (
					"$(inherited)",
					"@executable_path/Frameworks",
				);
				PRODUCT_BUNDLE_IDENTIFIER = "com.sina.core-data";
				PRODUCT_NAME = "$(TARGET_NAME)";
				SWIFT_VERSION = 5.0;
				TARGETED_DEVICE_FAMILY = "1,2";
			};
			name = Debug;
		};
		276F8F3F26E4B929000FD4DD /* Release */ = {
			isa = XCBuildConfiguration;
			buildSettings = {
				ASSETCATALOG_COMPILER_APPICON_NAME = AppIcon;
				ASSETCATALOG_COMPILER_GLOBAL_ACCENT_COLOR_NAME = AccentColor;
				CODE_SIGN_STYLE = Automatic;
				INFOPLIST_FILE = "core data/Info.plist";
				IPHONEOS_DEPLOYMENT_TARGET = 13.0;
				LD_RUNPATH_SEARCH_PATHS = (
					"$(inherited)",
					"@executable_path/Frameworks",
				);
				PRODUCT_BUNDLE_IDENTIFIER = "com.sina.core-data";
				PRODUCT_NAME = "$(TARGET_NAME)";
				SWIFT_VERSION = 5.0;
				TARGETED_DEVICE_FAMILY = "1,2";
			};
			name = Release;
		};
/* End XCBuildConfiguration section */

/* Begin XCConfigurationList section */
		276F8F2126E4B928000FD4DD /* Build configuration list for PBXProject "core data" */ = {
			isa = XCConfigurationList;
			buildConfigurations = (
				276F8F3B26E4B929000FD4DD /* Debug */,
				276F8F3C26E4B929000FD4DD /* Release */,
			);
			defaultConfigurationIsVisible = 0;
			defaultConfigurationName = Release;
		};
		276F8F3D26E4B929000FD4DD /* Build configuration list for PBXNativeTarget "core data" */ = {
			isa = XCConfigurationList;
			buildConfigurations = (
				276F8F3E26E4B929000FD4DD /* Debug */,
				276F8F3F26E4B929000FD4DD /* Release */,
			);
			defaultConfigurationIsVisible = 0;
			defaultConfigurationName = Release;
		};
/* End XCConfigurationList section */

/* Begin XCVersionGroup section */
		276F8F3226E4B928000FD4DD /* core_data.xcdatamodeld */ = {
			isa = XCVersionGroup;
			children = (
				276F8F3326E4B928000FD4DD /* core_data.xcdatamodel */,
			);
			currentVersion = 276F8F3326E4B928000FD4DD /* core_data.xcdatamodel */;
			path = core_data.xcdatamodeld;
			sourceTree = "<group>";
			versionGroupType = wrapper.xcdatamodel;
		};
/* End XCVersionGroup section */
	};
	rootObject = 276F8F1E26E4B928000FD4DD /* Project object */;
}
